{
    "name": "VoiceBot",
    "version": "1.0.0",
    "lockfileVersion": 1,
    "requires": true,
    "dependencies": {
        "SpeechRecognizer": {
            "version": "git+https://github.com/poiuytrez/SpeechRecognizer.git#0c9c2e1cc71f9de3589985aa2dd9fd70f361b0c8"
        },
        "cordova-plugin-tts": {
            "version": "git+https://github.com/vilic/cordova-plugin-tts.git#b4eef24a0476503b905fab092651d748530f2565"
        },
        "org.apache.cordova.geolocation": {
            "version": "0.3.6",
            "resolved": "https://registry.npmjs.org/org.apache.cordova.geolocation/-/org.apache.cordova.geolocation-0.3.6.tgz",
            "integrity": "sha1-7jib5M+dbzuM5QAXta9+qJ+q1o0="
        }
    }
}
